{
  "name": "graylog-web-interface",
  "version": "1.2.0-SNAPSHOT",
  "dependencies": {
    "c3": {
      "version": "0.4.10",
      "from": "c3@>=0.4.10 <0.5.0",
      "resolved": "https://registry.npmjs.org/c3/-/c3-0.4.10.tgz",
      "dependencies": {
        "d3": {
          "version": "3.5.0",
          "from": "d3@<=3.5.0",
          "resolved": "https://registry.npmjs.org/d3/-/d3-3.5.0.tgz",
          "dependencies": {
            "jsdom": {
              "version": "1.0.0",
              "from": "jsdom@1.0.0",
              "resolved": "https://registry.npmjs.org/jsdom/-/jsdom-1.0.0.tgz",
              "dependencies": {
                "contextify": {
                  "version": "0.1.14",
                  "from": "contextify@>=0.1.9 <0.2.0",
                  "resolved": "https://registry.npmjs.org/contextify/-/contextify-0.1.14.tgz",
                  "dependencies": {
                    "bindings": {
                      "version": "1.2.1",
                      "from": "bindings@*",
                      "resolved": "https://registry.npmjs.org/bindings/-/bindings-1.2.1.tgz"
                    },
                    "nan": {
                      "version": "1.8.4",
                      "from": "nan@>=1.8.4 <1.9.0",
                      "resolved": "https://registry.npmjs.org/nan/-/nan-1.8.4.tgz"
                    }
                  }
                },
                "cssom": {
                  "version": "0.3.0",
                  "from": "cssom@>=0.3.0 <0.4.0",
                  "resolved": "https://registry.npmjs.org/cssom/-/cssom-0.3.0.tgz"
                },
                "cssstyle": {
                  "version": "0.2.29",
                  "from": "cssstyle@>=0.2.14 <0.3.0",
                  "resolved": "https://registry.npmjs.org/cssstyle/-/cssstyle-0.2.29.tgz"
                },
                "htmlparser2": {
                  "version": "3.8.3",
                  "from": "htmlparser2@>=3.7.3 <4.0.0",
                  "resolved": "https://registry.npmjs.org/htmlparser2/-/htmlparser2-3.8.3.tgz",
                  "dependencies": {
                    "domhandler": {
                      "version": "2.3.0",
                      "from": "domhandler@>=2.3.0 <2.4.0",
                      "resolved": "https://registry.npmjs.org/domhandler/-/domhandler-2.3.0.tgz"
                    },
                    "domutils": {
                      "version": "1.5.1",
                      "from": "domutils@>=1.5.0 <1.6.0",
                      "resolved": "https://registry.npmjs.org/domutils/-/domutils-1.5.1.tgz",
                      "dependencies": {
                        "dom-serializer": {
                          "version": "0.1.0",
                          "from": "dom-serializer@>=0.0.0 <1.0.0",
                          "resolved": "https://registry.npmjs.org/dom-serializer/-/dom-serializer-0.1.0.tgz",
                          "dependencies": {
                            "domelementtype": {
                              "version": "1.1.3",
                              "from": "domelementtype@>=1.1.1 <1.2.0",
                              "resolved": "https://registry.npmjs.org/domelementtype/-/domelementtype-1.1.3.tgz"
                            },
                            "entities": {
                              "version": "1.1.1",
                              "from": "entities@>=1.1.1 <1.2.0",
                              "resolved": "https://registry.npmjs.org/entities/-/entities-1.1.1.tgz"
                            }
                          }
                        }
                      }
                    },
                    "domelementtype": {
                      "version": "1.3.0",
                      "from": "domelementtype@>=1.0.0 <2.0.0",
                      "resolved": "https://registry.npmjs.org/domelementtype/-/domelementtype-1.3.0.tgz"
                    },
                    "readable-stream": {
                      "version": "1.1.13",
                      "from": "readable-stream@>=1.1.0 <1.2.0",
                      "resolved": "https://registry.npmjs.org/readable-stream/-/readable-stream-1.1.13.tgz",
                      "dependencies": {
                        "core-util-is": {
                          "version": "1.0.1",
                          "from": "core-util-is@>=1.0.0 <1.1.0",
                          "resolved": "https://registry.npmjs.org/core-util-is/-/core-util-is-1.0.1.tgz"
                        },
                        "isarray": {
                          "version": "0.0.1",
                          "from": "isarray@0.0.1",
                          "resolved": "https://registry.npmjs.org/isarray/-/isarray-0.0.1.tgz"
                        },
                        "string_decoder": {
                          "version": "0.10.31",
                          "from": "string_decoder@>=0.10.0 <0.11.0",
                          "resolved": "https://registry.npmjs.org/string_decoder/-/string_decoder-0.10.31.tgz"
                        },
                        "inherits": {
                          "version": "2.0.1",
                          "from": "inherits@>=2.0.1 <2.1.0",
                          "resolved": "https://registry.npmjs.org/inherits/-/inherits-2.0.1.tgz"
                        }
                      }
                    },
                    "entities": {
                      "version": "1.0.0",
                      "from": "entities@>=1.0.0 <1.1.0",
                      "resolved": "https://registry.npmjs.org/entities/-/entities-1.0.0.tgz"
                    }
                  }
                },
                "nwmatcher": {
                  "version": "1.3.6",
                  "from": "nwmatcher@>=1.3.3 <2.0.0",
                  "resolved": "https://registry.npmjs.org/nwmatcher/-/nwmatcher-1.3.6.tgz"
                },
                "parse5": {
                  "version": "1.5.0",
                  "from": "parse5@>=1.1.4 <2.0.0",
                  "resolved": "https://registry.npmjs.org/parse5/-/parse5-1.5.0.tgz"
                },
                "request": {
                  "version": "2.60.0",
                  "from": "request@>=2.44.0 <3.0.0",
                  "resolved": "https://registry.npmjs.org/request/-/request-2.60.0.tgz",
                  "dependencies": {
                    "bl": {
                      "version": "1.0.0",
                      "from": "bl@>=1.0.0 <1.1.0",
                      "resolved": "https://registry.npmjs.org/bl/-/bl-1.0.0.tgz",
                      "dependencies": {
                        "readable-stream": {
                          "version": "2.0.2",
                          "from": "readable-stream@>=2.0.0 <2.1.0",
                          "resolved": "https://registry.npmjs.org/readable-stream/-/readable-stream-2.0.2.tgz",
                          "dependencies": {
                            "core-util-is": {
                              "version": "1.0.1",
                              "from": "core-util-is@>=1.0.0 <1.1.0",
                              "resolved": "https://registry.npmjs.org/core-util-is/-/core-util-is-1.0.1.tgz"
                            },
                            "inherits": {
                              "version": "2.0.1",
                              "from": "inherits@>=2.0.1 <2.1.0",
                              "resolved": "https://registry.npmjs.org/inherits/-/inherits-2.0.1.tgz"
                            },
                            "isarray": {
                              "version": "0.0.1",
                              "from": "isarray@0.0.1",
                              "resolved": "https://registry.npmjs.org/isarray/-/isarray-0.0.1.tgz"
                            },
                            "process-nextick-args": {
                              "version": "1.0.2",
                              "from": "process-nextick-args@>=1.0.0 <1.1.0",
                              "resolved": "https://registry.npmjs.org/process-nextick-args/-/process-nextick-args-1.0.2.tgz"
                            },
                            "string_decoder": {
                              "version": "0.10.31",
                              "from": "string_decoder@>=0.10.0 <0.11.0",
                              "resolved": "https://registry.npmjs.org/string_decoder/-/string_decoder-0.10.31.tgz"
                            },
                            "util-deprecate": {
                              "version": "1.0.1",
                              "from": "util-deprecate@>=1.0.1 <1.1.0",
                              "resolved": "https://registry.npmjs.org/util-deprecate/-/util-deprecate-1.0.1.tgz"
                            }
                          }
                        }
                      }
                    },
                    "caseless": {
                      "version": "0.11.0",
                      "from": "caseless@>=0.11.0 <0.12.0",
                      "resolved": "https://registry.npmjs.org/caseless/-/caseless-0.11.0.tgz"
                    },
                    "extend": {
                      "version": "3.0.0",
                      "from": "extend@>=3.0.0 <3.1.0",
                      "resolved": "https://registry.npmjs.org/extend/-/extend-3.0.0.tgz"
                    },
                    "forever-agent": {
                      "version": "0.6.1",
                      "from": "forever-agent@>=0.6.0 <0.7.0",
                      "resolved": "https://registry.npmjs.org/forever-agent/-/forever-agent-0.6.1.tgz"
                    },
                    "form-data": {
                      "version": "1.0.0-rc2",
                      "from": "form-data@>=1.0.0-rc1 <1.1.0",
                      "resolved": "https://registry.npmjs.org/form-data/-/form-data-1.0.0-rc2.tgz",
                      "dependencies": {
                        "async": {
                          "version": "1.4.0",
                          "from": "async@>=1.2.1 <2.0.0",
                          "resolved": "https://registry.npmjs.org/async/-/async-1.4.0.tgz"
                        }
                      }
                    },
                    "json-stringify-safe": {
                      "version": "5.0.1",
                      "from": "json-stringify-safe@>=5.0.0 <5.1.0",
                      "resolved": "https://registry.npmjs.org/json-stringify-safe/-/json-stringify-safe-5.0.1.tgz"
                    },
                    "mime-types": {
                      "version": "2.1.3",
                      "from": "mime-types@>=2.1.2 <2.2.0",
                      "resolved": "https://registry.npmjs.org/mime-types/-/mime-types-2.1.3.tgz",
                      "dependencies": {
                        "mime-db": {
                          "version": "1.15.0",
                          "from": "mime-db@>=1.15.0 <1.16.0",
                          "resolved": "https://registry.npmjs.org/mime-db/-/mime-db-1.15.0.tgz"
                        }
                      }
                    },
                    "node-uuid": {
                      "version": "1.4.3",
                      "from": "node-uuid@>=1.4.0 <1.5.0",
                      "resolved": "https://registry.npmjs.org/node-uuid/-/node-uuid-1.4.3.tgz"
                    },
                    "qs": {
                      "version": "4.0.0",
                      "from": "qs@>=4.0.0 <4.1.0",
                      "resolved": "https://registry.npmjs.org/qs/-/qs-4.0.0.tgz"
                    },
                    "tunnel-agent": {
                      "version": "0.4.1",
                      "from": "tunnel-agent@>=0.4.0 <0.5.0",
                      "resolved": "https://registry.npmjs.org/tunnel-agent/-/tunnel-agent-0.4.1.tgz"
                    },
                    "tough-cookie": {
                      "version": "2.0.0",
                      "from": "tough-cookie@>=0.12.0",
                      "resolved": "https://registry.npmjs.org/tough-cookie/-/tough-cookie-2.0.0.tgz"
                    },
                    "http-signature": {
                      "version": "0.11.0",
                      "from": "http-signature@>=0.11.0 <0.12.0",
                      "resolved": "https://registry.npmjs.org/http-signature/-/http-signature-0.11.0.tgz",
                      "dependencies": {
                        "assert-plus": {
                          "version": "0.1.5",
                          "from": "assert-plus@>=0.1.5 <0.2.0",
                          "resolved": "https://registry.npmjs.org/assert-plus/-/assert-plus-0.1.5.tgz"
                        },
                        "asn1": {
                          "version": "0.1.11",
                          "from": "asn1@0.1.11",
                          "resolved": "https://registry.npmjs.org/asn1/-/asn1-0.1.11.tgz"
                        },
                        "ctype": {
                          "version": "0.5.3",
                          "from": "ctype@0.5.3",
                          "resolved": "https://registry.npmjs.org/ctype/-/ctype-0.5.3.tgz"
                        }
                      }
                    },
                    "oauth-sign": {
                      "version": "0.8.0",
                      "from": "oauth-sign@>=0.8.0 <0.9.0",
                      "resolved": "https://registry.npmjs.org/oauth-sign/-/oauth-sign-0.8.0.tgz"
                    },
                    "hawk": {
                      "version": "3.1.0",
                      "from": "hawk@>=3.1.0 <3.2.0",
                      "resolved": "https://registry.npmjs.org/hawk/-/hawk-3.1.0.tgz",
                      "dependencies": {
                        "hoek": {
                          "version": "2.14.0",
                          "from": "hoek@>=2.0.0 <3.0.0",
                          "resolved": "https://registry.npmjs.org/hoek/-/hoek-2.14.0.tgz"
                        },
                        "boom": {
                          "version": "2.8.0",
                          "from": "boom@>=2.8.0 <3.0.0",
                          "resolved": "https://registry.npmjs.org/boom/-/boom-2.8.0.tgz"
                        },
                        "cryptiles": {
                          "version": "2.0.4",
                          "from": "cryptiles@>=2.0.0 <3.0.0",
                          "resolved": "https://registry.npmjs.org/cryptiles/-/cryptiles-2.0.4.tgz"
                        },
                        "sntp": {
                          "version": "1.0.9",
                          "from": "sntp@>=1.0.0 <2.0.0",
                          "resolved": "https://registry.npmjs.org/sntp/-/sntp-1.0.9.tgz"
                        }
                      }
                    },
                    "aws-sign2": {
                      "version": "0.5.0",
                      "from": "aws-sign2@>=0.5.0 <0.6.0",
                      "resolved": "https://registry.npmjs.org/aws-sign2/-/aws-sign2-0.5.0.tgz"
                    },
                    "stringstream": {
                      "version": "0.0.4",
                      "from": "stringstream@>=0.0.4 <0.1.0",
                      "resolved": "https://registry.npmjs.org/stringstream/-/stringstream-0.0.4.tgz"
                    },
                    "combined-stream": {
                      "version": "1.0.5",
                      "from": "combined-stream@>=1.0.1 <1.1.0",
                      "resolved": "https://registry.npmjs.org/combined-stream/-/combined-stream-1.0.5.tgz",
                      "dependencies": {
                        "delayed-stream": {
                          "version": "1.0.0",
                          "from": "delayed-stream@>=1.0.0 <1.1.0",
                          "resolved": "https://registry.npmjs.org/delayed-stream/-/delayed-stream-1.0.0.tgz"
                        }
                      }
                    },
                    "isstream": {
                      "version": "0.1.2",
                      "from": "isstream@>=0.1.1 <0.2.0",
                      "resolved": "https://registry.npmjs.org/isstream/-/isstream-0.1.2.tgz"
                    },
                    "har-validator": {
                      "version": "1.8.0",
                      "from": "har-validator@>=1.6.1 <2.0.0",
                      "resolved": "https://registry.npmjs.org/har-validator/-/har-validator-1.8.0.tgz",
                      "dependencies": {
                        "bluebird": {
                          "version": "2.9.34",
                          "from": "bluebird@>=2.9.30 <3.0.0",
                          "resolved": "https://registry.npmjs.org/bluebird/-/bluebird-2.9.34.tgz"
                        },
                        "chalk": {
                          "version": "1.1.0",
                          "from": "chalk@>=1.0.0 <2.0.0",
                          "resolved": "https://registry.npmjs.org/chalk/-/chalk-1.1.0.tgz",
                          "dependencies": {
                            "ansi-styles": {
                              "version": "2.1.0",
                              "from": "ansi-styles@>=2.1.0 <3.0.0",
                              "resolved": "https://registry.npmjs.org/ansi-styles/-/ansi-styles-2.1.0.tgz"
                            },
                            "escape-string-regexp": {
                              "version": "1.0.3",
                              "from": "escape-string-regexp@>=1.0.2 <2.0.0",
                              "resolved": "https://registry.npmjs.org/escape-string-regexp/-/escape-string-regexp-1.0.3.tgz"
                            },
                            "has-ansi": {
                              "version": "2.0.0",
                              "from": "has-ansi@>=2.0.0 <3.0.0",
                              "resolved": "https://registry.npmjs.org/has-ansi/-/has-ansi-2.0.0.tgz",
                              "dependencies": {
                                "ansi-regex": {
                                  "version": "2.0.0",
                                  "from": "ansi-regex@>=2.0.0 <3.0.0",
                                  "resolved": "https://registry.npmjs.org/ansi-regex/-/ansi-regex-2.0.0.tgz"
                                }
                              }
                            },
                            "strip-ansi": {
                              "version": "3.0.0",
                              "from": "strip-ansi@>=3.0.0 <4.0.0",
                              "resolved": "https://registry.npmjs.org/strip-ansi/-/strip-ansi-3.0.0.tgz",
                              "dependencies": {
                                "ansi-regex": {
                                  "version": "2.0.0",
                                  "from": "ansi-regex@>=2.0.0 <3.0.0",
                                  "resolved": "https://registry.npmjs.org/ansi-regex/-/ansi-regex-2.0.0.tgz"
                                }
                              }
                            },
                            "supports-color": {
                              "version": "2.0.0",
                              "from": "supports-color@>=2.0.0 <3.0.0",
                              "resolved": "https://registry.npmjs.org/supports-color/-/supports-color-2.0.0.tgz"
                            }
                          }
                        },
                        "commander": {
                          "version": "2.8.1",
                          "from": "commander@>=2.8.1 <3.0.0",
                          "resolved": "https://registry.npmjs.org/commander/-/commander-2.8.1.tgz",
                          "dependencies": {
                            "graceful-readlink": {
                              "version": "1.0.1",
                              "from": "graceful-readlink@>=1.0.0",
                              "resolved": "https://registry.npmjs.org/graceful-readlink/-/graceful-readlink-1.0.1.tgz"
                            }
                          }
                        },
                        "is-my-json-valid": {
                          "version": "2.12.1",
                          "from": "is-my-json-valid@>=2.12.0 <3.0.0",
                          "resolved": "https://registry.npmjs.org/is-my-json-valid/-/is-my-json-valid-2.12.1.tgz",
                          "dependencies": {
                            "generate-function": {
                              "version": "2.0.0",
                              "from": "generate-function@>=2.0.0 <3.0.0",
                              "resolved": "https://registry.npmjs.org/generate-function/-/generate-function-2.0.0.tgz"
                            },
                            "generate-object-property": {
                              "version": "1.2.0",
                              "from": "generate-object-property@>=1.1.0 <2.0.0",
                              "resolved": "https://registry.npmjs.org/generate-object-property/-/generate-object-property-1.2.0.tgz",
                              "dependencies": {
                                "is-property": {
                                  "version": "1.0.2",
                                  "from": "is-property@>=1.0.0 <2.0.0",
                                  "resolved": "https://registry.npmjs.org/is-property/-/is-property-1.0.2.tgz"
                                }
                              }
                            },
                            "jsonpointer": {
                              "version": "1.1.0",
                              "from": "jsonpointer@>=1.1.0 <2.0.0",
                              "resolved": "https://registry.npmjs.org/jsonpointer/-/jsonpointer-1.1.0.tgz"
                            },
                            "xtend": {
                              "version": "4.0.0",
                              "from": "xtend@>=4.0.0 <5.0.0",
                              "resolved": "https://registry.npmjs.org/xtend/-/xtend-4.0.0.tgz"
                            }
                          }
                        }
                      }
                    }
                  }
                },
                "xmlhttprequest": {
                  "version": "1.7.0",
                  "from": "xmlhttprequest@>=1.6.0 <2.0.0",
                  "resolved": "https://registry.npmjs.org/xmlhttprequest/-/xmlhttprequest-1.7.0.tgz"
                }
              }
            }
          }
        }
      }
    },
    "crossfilter": {
      "version": "1.3.11",
      "from": "crossfilter@>=1.3.0 <1.4.0",
      "resolved": "https://registry.npmjs.org/crossfilter/-/crossfilter-1.3.11.tgz"
    },
    "d3": {
      "version": "3.5.6",
      "from": "d3@>=3.5.0 <3.6.0",
      "resolved": "https://registry.npmjs.org/d3/-/d3-3.5.6.tgz"
    },
    "dc": {
      "version": "2.0.0-beta.12",
      "from": "dc@2.0.0-beta.12",
      "resolved": "https://registry.npmjs.org/dc/-/dc-2.0.0-beta.12.tgz"
    },
    "immutable": {
      "version": "3.7.4",
      "from": "immutable@>=3.7.3 <4.0.0",
      "resolved": "https://registry.npmjs.org/immutable/-/immutable-3.7.4.tgz"
    },
    "markdown": {
      "version": "0.5.0",
      "from": "markdown@>=0.5.0 <0.6.0",
      "resolved": "https://registry.npmjs.org/markdown/-/markdown-0.5.0.tgz",
      "dependencies": {
        "nopt": {
          "version": "2.1.2",
          "from": "nopt@>=2.1.1 <2.2.0",
          "resolved": "https://registry.npmjs.org/nopt/-/nopt-2.1.2.tgz",
          "dependencies": {
            "abbrev": {
              "version": "1.0.7",
              "from": "abbrev@>=1.0.0 <2.0.0",
              "resolved": "https://registry.npmjs.org/abbrev/-/abbrev-1.0.7.tgz"
            }
          }
        }
      }
    },
    "moment": {
      "version": "2.10.2",
      "from": "moment@2.10.2",
      "resolved": "https://registry.npmjs.org/moment/-/moment-2.10.2.tgz"
    },
    "moment-duration-format": {
      "version": "1.3.0",
      "from": "moment-duration-format@1.3.0",
      "resolved": "https://registry.npmjs.org/moment-duration-format/-/moment-duration-format-1.3.0.tgz"
    },
    "numeral": {
      "version": "1.5.3",
      "from": "numeral@>=1.5.0 <1.6.0",
      "resolved": "https://registry.npmjs.org/numeral/-/numeral-1.5.3.tgz"
    },
    "qs": {
      "version": "2.3.3",
      "from": "qs@>=2.3.0 <2.4.0",
      "resolved": "https://registry.npmjs.org/qs/-/qs-2.3.3.tgz"
    },
    "react": {
      "version": "0.13.3",
      "from": "react@>=0.13.0 <0.14.0",
      "resolved": "https://registry.npmjs.org/react/-/react-0.13.3.tgz",
      "dependencies": {
        "envify": {
          "version": "3.4.0",
          "from": "envify@>=3.0.0 <4.0.0",
          "resolved": "https://registry.npmjs.org/envify/-/envify-3.4.0.tgz",
          "dependencies": {
            "through": {
              "version": "2.3.8",
              "from": "through@>=2.3.4 <2.4.0",
              "resolved": "https://registry.npmjs.org/through/-/through-2.3.8.tgz"
            },
            "jstransform": {
              "version": "10.1.0",
              "from": "jstransform@>=10.0.1 <11.0.0",
              "resolved": "https://registry.npmjs.org/jstransform/-/jstransform-10.1.0.tgz",
              "dependencies": {
                "base62": {
                  "version": "0.1.1",
                  "from": "base62@0.1.1",
                  "resolved": "https://registry.npmjs.org/base62/-/base62-0.1.1.tgz"
                },
                "esprima-fb": {
                  "version": "13001.1001.0-dev-harmony-fb",
                  "from": "esprima-fb@13001.1001.0-dev-harmony-fb",
                  "resolved": "https://registry.npmjs.org/esprima-fb/-/esprima-fb-13001.1001.0-dev-harmony-fb.tgz"
                },
                "source-map": {
                  "version": "0.1.31",
                  "from": "source-map@0.1.31",
                  "resolved": "https://registry.npmjs.org/source-map/-/source-map-0.1.31.tgz",
                  "dependencies": {
                    "amdefine": {
                      "version": "1.0.0",
                      "from": "amdefine@>=0.0.4",
                      "resolved": "https://registry.npmjs.org/amdefine/-/amdefine-1.0.0.tgz"
                    }
                  }
                }
              }
            }
          }
        }
      }
    },
    "react-bootstrap": {
      "version": "0.23.7",
      "from": "react-bootstrap@>=0.23.0 <0.24.0",
      "resolved": "https://registry.npmjs.org/react-bootstrap/-/react-bootstrap-0.23.7.tgz",
      "dependencies": {
        "classnames": {
          "version": "2.1.3",
          "from": "classnames@>=2.0.0 <3.0.0",
          "resolved": "https://registry.npmjs.org/classnames/-/classnames-2.1.3.tgz"
        }
      }
    },
    "react-zeroclipboard": {
      "version": "1.1.0",
      "from": "react-zeroclipboard@>=1.1.0 <2.0.0",
      "resolved": "https://registry.npmjs.org/react-zeroclipboard/-/react-zeroclipboard-1.1.0.tgz",
      "dependencies": {
        "envify": {
          "version": "3.4.0",
          "from": "envify@>=3.0.0 <4.0.0",
          "resolved": "https://registry.npmjs.org/envify/-/envify-3.4.0.tgz",
          "dependencies": {
            "through": {
              "version": "2.3.8",
              "from": "through@>=2.3.4 <2.4.0",
              "resolved": "https://registry.npmjs.org/through/-/through-2.3.8.tgz"
            },
            "jstransform": {
              "version": "10.1.0",
              "from": "jstransform@>=10.0.1 <11.0.0",
              "resolved": "https://registry.npmjs.org/jstransform/-/jstransform-10.1.0.tgz",
              "dependencies": {
                "base62": {
                  "version": "0.1.1",
                  "from": "base62@0.1.1",
                  "resolved": "https://registry.npmjs.org/base62/-/base62-0.1.1.tgz"
                },
                "esprima-fb": {
                  "version": "13001.1001.0-dev-harmony-fb",
                  "from": "esprima-fb@13001.1001.0-dev-harmony-fb",
                  "resolved": "https://registry.npmjs.org/esprima-fb/-/esprima-fb-13001.1001.0-dev-harmony-fb.tgz"
                },
                "source-map": {
                  "version": "0.1.31",
                  "from": "source-map@0.1.31",
                  "resolved": "https://registry.npmjs.org/source-map/-/source-map-0.1.31.tgz",
                  "dependencies": {
                    "amdefine": {
                      "version": "1.0.0",
                      "from": "amdefine@>=0.0.4",
                      "resolved": "https://registry.npmjs.org/amdefine/-/amdefine-1.0.0.tgz"
                    }
                  }
                }
              }
            }
          }
        }
      }
    },
    "sockjs-client": {
      "version": "1.0.2",
      "from": "sockjs-client@>=1.0.0 <1.1.0",
      "resolved": "https://registry.npmjs.org/sockjs-client/-/sockjs-client-1.0.2.tgz",
      "dependencies": {
        "debug": {
          "version": "2.2.0",
          "from": "debug@>=2.1.0 <3.0.0",
          "resolved": "https://registry.npmjs.org/debug/-/debug-2.2.0.tgz",
          "dependencies": {
            "ms": {
              "version": "0.7.1",
              "from": "ms@0.7.1",
              "resolved": "https://registry.npmjs.org/ms/-/ms-0.7.1.tgz"
            }
          }
        },
        "eventsource": {
          "version": "0.1.6",
          "from": "eventsource@>=0.1.3 <0.2.0",
          "resolved": "https://registry.npmjs.org/eventsource/-/eventsource-0.1.6.tgz",
          "dependencies": {
            "original": {
              "version": "0.0.8",
              "from": "original@>=0.0.5",
              "resolved": "https://registry.npmjs.org/original/-/original-0.0.8.tgz",
              "dependencies": {
                "url-parse": {
                  "version": "0.2.3",
                  "from": "url-parse@>=0.2.0 <0.3.0",
                  "resolved": "https://registry.npmjs.org/url-parse/-/url-parse-0.2.3.tgz",
                  "dependencies": {
                    "querystringify": {
                      "version": "0.0.3",
                      "from": "querystringify@>=0.0.0 <0.1.0",
                      "resolved": "https://registry.npmjs.org/querystringify/-/querystringify-0.0.3.tgz"
                    },
                    "requires-port": {
                      "version": "0.0.1",
                      "from": "requires-port@>=0.0.0 <0.1.0",
                      "resolved": "https://registry.npmjs.org/requires-port/-/requires-port-0.0.1.tgz"
                    }
                  }
                }
              }
            }
          }
        },
        "faye-websocket": {
          "version": "0.7.3",
          "from": "faye-websocket@>=0.7.3 <0.8.0",
          "resolved": "https://registry.npmjs.org/faye-websocket/-/faye-websocket-0.7.3.tgz",
          "dependencies": {
            "websocket-driver": {
              "version": "0.6.2",
              "from": "websocket-driver@>=0.3.6",
              "resolved": "https://registry.npmjs.org/websocket-driver/-/websocket-driver-0.6.2.tgz",
              "dependencies": {
                "websocket-extensions": {
                  "version": "0.1.1",
                  "from": "websocket-extensions@>=0.1.1",
                  "resolved": "https://registry.npmjs.org/websocket-extensions/-/websocket-extensions-0.1.1.tgz"
                }
              }
            }
          }
        },
        "inherits": {
          "version": "2.0.1",
          "from": "inherits@>=2.0.0 <2.1.0",
          "resolved": "https://registry.npmjs.org/inherits/-/inherits-2.0.1.tgz"
        },
        "json3": {
          "version": "3.3.2",
          "from": "json3@>=3.3.2 <4.0.0",
          "resolved": "https://registry.npmjs.org/json3/-/json3-3.3.2.tgz"
        },
        "url-parse": {
          "version": "1.0.2",
          "from": "url-parse@>=1.0.1 <2.0.0",
          "resolved": "https://registry.npmjs.org/url-parse/-/url-parse-1.0.2.tgz",
          "dependencies": {
            "querystringify": {
              "version": "0.0.3",
              "from": "querystringify@>=0.0.0 <0.1.0",
              "resolved": "https://registry.npmjs.org/querystringify/-/querystringify-0.0.3.tgz"
            },
            "requires-port": {
              "version": "0.0.1",
              "from": "requires-port@>=0.0.0 <0.1.0",
              "resolved": "https://registry.npmjs.org/requires-port/-/requires-port-0.0.1.tgz"
            }
          }
        }
      }
    }
  }
}
